
Microsoft Visual Studio Solution File, Format Version 12.00
# Visual Studio 15
VisualStudioVersion = 15.0.28010.2003
MinimumVisualStudioVersion = 10.0.40219.1
Project("{FAE04EC0-301F-11D3-BF4B-00C04F79EFBC}") = "program1", "program1\program1.csproj", "{F39DCCDE-C622-4878-8A59-D75D01D21DDE}"
EndProject
Project("{FAE04EC0-301F-11D3-BF4B-00C04F79EFBC}") = "program2", "program2\program2.csproj", "{3D4CEDE9-B9D1-40FB-AB8F-DB3C7DA019B7}"
EndProject
Global
	GlobalSection(SolutionConfigurationPlatforms) = preSolution
		Debug|Any CPU = Debug|Any CPU
		Release|Any CPU = Release|Any CPU
	EndGlobalSection
	GlobalSection(ProjectConfigurationPlatforms) = postSolution
		{F39DCCDE-C622-4878-8A59-D75D01D21DDE}.Debug|Any CPU.ActiveCfg = Debug|Any CPU
		{F39DCCDE-C622-4878-8A59-D75D01D21DDE}.Debug|Any CPU.Build.0 = Debug|Any CPU
		{F39DCCDE-C622-4878-8A59-D75D01D21DDE}.Release|Any CPU.ActiveCfg = Release|Any CPU
		{F39DCCDE-C622-4878-8A59-D75D01D21DDE}.Release|Any CPU.Build.0 = Release|Any CPU
		{3D4CEDE9-B9D1-40FB-AB8F-DB3C7DA019B7}.Debug|Any CPU.ActiveCfg = Debug|Any CPU
		{3D4CEDE9-B9D1-40FB-AB8F-DB3C7DA019B7}.Debug|Any CPU.Build.0 = Debug|Any CPU
		{3D4CEDE9-B9D1-40FB-AB8F-DB3C7DA019B7}.Release|Any CPU.ActiveCfg = Release|Any CPU
		{3D4CEDE9-B9D1-40FB-AB8F-DB3C7DA019B7}.Release|Any CPU.Build.0 = Release|Any CPU
	EndGlobalSection
	GlobalSection(SolutionProperties) = preSolution
		HideSolutionNode = FALSE
	EndGlobalSection
	GlobalSection(ExtensibilityGlobals) = postSolution
		SolutionGuid = {C969AD24-9D82-42DA-9F1F-F17D081FBEC0}
	EndGlobalSection
EndGlobal
