
Microsoft Visual Studio Solution File, Format Version 12.00
# Visual Studio 15
VisualStudioVersion = 15.0.28010.2003
MinimumVisualStudioVersion = 10.0.40219.1
Project("{FAE04EC0-301F-11D3-BF4B-00C04F79EFBC}") = "program1", "program1\program1.csproj", "{00D930BB-E089-4879-831B-C60A8C80D60B}"
EndProject
Project("{FAE04EC0-301F-11D3-BF4B-00C04F79EFBC}") = "program2", "program2\program2.csproj", "{C60ACDCF-B255-4F35-B03D-C188A1C516D7}"
EndProject
Global
	GlobalSection(SolutionConfigurationPlatforms) = preSolution
		Debug|Any CPU = Debug|Any CPU
		Release|Any CPU = Release|Any CPU
	EndGlobalSection
	GlobalSection(ProjectConfigurationPlatforms) = postSolution
		{00D930BB-E089-4879-831B-C60A8C80D60B}.Debug|Any CPU.ActiveCfg = Debug|Any CPU
		{00D930BB-E089-4879-831B-C60A8C80D60B}.Debug|Any CPU.Build.0 = Debug|Any CPU
		{00D930BB-E089-4879-831B-C60A8C80D60B}.Release|Any CPU.ActiveCfg = Release|Any CPU
		{00D930BB-E089-4879-831B-C60A8C80D60B}.Release|Any CPU.Build.0 = Release|Any CPU
		{C60ACDCF-B255-4F35-B03D-C188A1C516D7}.Debug|Any CPU.ActiveCfg = Debug|Any CPU
		{C60ACDCF-B255-4F35-B03D-C188A1C516D7}.Debug|Any CPU.Build.0 = Debug|Any CPU
		{C60ACDCF-B255-4F35-B03D-C188A1C516D7}.Release|Any CPU.ActiveCfg = Release|Any CPU
		{C60ACDCF-B255-4F35-B03D-C188A1C516D7}.Release|Any CPU.Build.0 = Release|Any CPU
	EndGlobalSection
	GlobalSection(SolutionProperties) = preSolution
		HideSolutionNode = FALSE
	EndGlobalSection
	GlobalSection(ExtensibilityGlobals) = postSolution
		SolutionGuid = {4C5E495F-C8DA-433A-83F5-55AA947AB958}
	EndGlobalSection
EndGlobal
